
Microsoft Visual Studio Solution File, Format Version 12.00
# Visual Studio Version 16
VisualStudioVersion = 16.0.31424.327
MinimumVisualStudioVersion = 10.0.40219.1
Project("{FAE04EC0-301F-11D3-BF4B-00C04F79EFBC}") = "UserAPI", "UserAPI.csproj", "{B03380DD-2F97-490A-AF99-D97EF941F832}"
EndProject
Global
	GlobalSection(SolutionConfigurationPlatforms) = preSolution
		Debug|Any CPU = Debug|Any CPU
		Release|Any CPU = Release|Any CPU
	EndGlobalSection
	GlobalSection(ProjectConfigurationPlatforms) = postSolution
		{B03380DD-2F97-490A-AF99-D97EF941F832}.Debug|Any CPU.ActiveCfg = Debug|Any CPU
		{B03380DD-2F97-490A-AF99-D97EF941F832}.Debug|Any CPU.Build.0 = Debug|Any CPU
		{B03380DD-2F97-490A-AF99-D97EF941F832}.Release|Any CPU.ActiveCfg = Release|Any CPU
		{B03380DD-2F97-490A-AF99-D97EF941F832}.Release|Any CPU.Build.0 = Release|Any CPU
	EndGlobalSection
	GlobalSection(SolutionProperties) = preSolution
		HideSolutionNode = FALSE
	EndGlobalSection
	GlobalSection(ExtensibilityGlobals) = postSolution
		SolutionGuid = {9838EF00-B027-43EC-AB81-F592826A200C}
	EndGlobalSection
EndGlobal
